
Microsoft Visual Studio Solution File, Format Version 12.00
# Visual Studio 15
Project("{FAE04EC0-301F-11D3-BF4B-00C04F79EFBC}") = "Assembly-CSharp", "Assembly-CSharp.csproj", "{BDF04F1A-E05C-BDC4-0F41-D4198AD43C11}"
EndProject
Project("{FAE04EC0-301F-11D3-BF4B-00C04F79EFBC}") = "Assembly-CSharp-Editor", "Assembly-CSharp-Editor.csproj", "{226E6D32-45EF-3D51-B41D-8EC56E2C37B4}"
EndProject
Global
	GlobalSection(SolutionConfigurationPlatforms) = preSolution
		Debug|Any CPU = Debug|Any CPU
		Release|Any CPU = Release|Any CPU
	EndGlobalSection
	GlobalSection(ProjectConfigurationPlatforms) = postSolution
		{BDF04F1A-E05C-BDC4-0F41-D4198AD43C11}.Debug|Any CPU.ActiveCfg = Debug|Any CPU
		{BDF04F1A-E05C-BDC4-0F41-D4198AD43C11}.Debug|Any CPU.Build.0 = Debug|Any CPU
		{BDF04F1A-E05C-BDC4-0F41-D4198AD43C11}.Release|Any CPU.ActiveCfg = Release|Any CPU
		{BDF04F1A-E05C-BDC4-0F41-D4198AD43C11}.Release|Any CPU.Build.0 = Release|Any CPU
		{226E6D32-45EF-3D51-B41D-8EC56E2C37B4}.Debug|Any CPU.ActiveCfg = Debug|Any CPU
		{226E6D32-45EF-3D51-B41D-8EC56E2C37B4}.Debug|Any CPU.Build.0 = Debug|Any CPU
		{226E6D32-45EF-3D51-B41D-8EC56E2C37B4}.Release|Any CPU.ActiveCfg = Release|Any CPU
		{226E6D32-45EF-3D51-B41D-8EC56E2C37B4}.Release|Any CPU.Build.0 = Release|Any CPU
	EndGlobalSection
	GlobalSection(SolutionProperties) = preSolution
		HideSolutionNode = FALSE
	EndGlobalSection
EndGlobal
